# This file is @generated by PDM.
# It is not intended for manual editing.

[metadata]
groups = ["default"]
strategy = ["cross_platform"]
lock_version = "4.4.1"
content_hash = "sha256:811ef5368eaba519408c5183991d130176b3d72fb9a3706dcf400a1fec4db94f"

[[package]]
name = "pyreduce"
version = "0.1.0"
requires_python = ">=3.8"
path = "../pyreduce"
summary = ""
